
Microsoft Visual Studio Solution File, Format Version 12.00
# Visual Studio Version 16
VisualStudioVersion = 16.0.29613.14
MinimumVisualStudioVersion = 10.0.40219.1
Project("{FAE04EC0-301F-11D3-BF4B-00C04F79EFBC}") = "ООП14", "ООП14\ООП14.csproj", "{446150C4-23F2-4D5D-A5FE-85A9680D35A3}"
EndProject
Global
	GlobalSection(SolutionConfigurationPlatforms) = preSolution
		Debug|Any CPU = Debug|Any CPU
		Release|Any CPU = Release|Any CPU
	EndGlobalSection
	GlobalSection(ProjectConfigurationPlatforms) = postSolution
		{446150C4-23F2-4D5D-A5FE-85A9680D35A3}.Debug|Any CPU.ActiveCfg = Debug|Any CPU
		{446150C4-23F2-4D5D-A5FE-85A9680D35A3}.Debug|Any CPU.Build.0 = Debug|Any CPU
		{446150C4-23F2-4D5D-A5FE-85A9680D35A3}.Release|Any CPU.ActiveCfg = Release|Any CPU
		{446150C4-23F2-4D5D-A5FE-85A9680D35A3}.Release|Any CPU.Build.0 = Release|Any CPU
	EndGlobalSection
	GlobalSection(SolutionProperties) = preSolution
		HideSolutionNode = FALSE
	EndGlobalSection
	GlobalSection(ExtensibilityGlobals) = postSolution
		SolutionGuid = {5B984E08-CBF6-4236-A17A-D2540BBA7271}
	EndGlobalSection
EndGlobal
