
Microsoft Visual Studio Solution File, Format Version 12.00
# Visual Studio Version 16
VisualStudioVersion = 16.0.29613.14
MinimumVisualStudioVersion = 10.0.40219.1
Project("{FAE04EC0-301F-11D3-BF4B-00C04F79EFBC}") = "ООП13", "ООП13\ООП13.csproj", "{6E5AC96C-6DEA-4FAD-AACB-8CD2DAADDB9A}"
EndProject
Global
	GlobalSection(SolutionConfigurationPlatforms) = preSolution
		Debug|Any CPU = Debug|Any CPU
		Release|Any CPU = Release|Any CPU
	EndGlobalSection
	GlobalSection(ProjectConfigurationPlatforms) = postSolution
		{6E5AC96C-6DEA-4FAD-AACB-8CD2DAADDB9A}.Debug|Any CPU.ActiveCfg = Debug|Any CPU
		{6E5AC96C-6DEA-4FAD-AACB-8CD2DAADDB9A}.Debug|Any CPU.Build.0 = Debug|Any CPU
		{6E5AC96C-6DEA-4FAD-AACB-8CD2DAADDB9A}.Release|Any CPU.ActiveCfg = Release|Any CPU
		{6E5AC96C-6DEA-4FAD-AACB-8CD2DAADDB9A}.Release|Any CPU.Build.0 = Release|Any CPU
	EndGlobalSection
	GlobalSection(SolutionProperties) = preSolution
		HideSolutionNode = FALSE
	EndGlobalSection
	GlobalSection(ExtensibilityGlobals) = postSolution
		SolutionGuid = {B276ECC0-B957-4894-AADF-E4BD7CBFFCD1}
	EndGlobalSection
EndGlobal
