
Microsoft Visual Studio Solution File, Format Version 12.00
# Visual Studio Version 16
VisualStudioVersion = 16.0.29424.173
MinimumVisualStudioVersion = 10.0.40219.1
Project("{FAE04EC0-301F-11D3-BF4B-00C04F79EFBC}") = "ООП8", "ООП8\ООП8.csproj", "{7E627B8F-E6C5-4AD5-A608-5361E9D8EC14}"
EndProject
Global
	GlobalSection(SolutionConfigurationPlatforms) = preSolution
		Debug|Any CPU = Debug|Any CPU
		Release|Any CPU = Release|Any CPU
	EndGlobalSection
	GlobalSection(ProjectConfigurationPlatforms) = postSolution
		{7E627B8F-E6C5-4AD5-A608-5361E9D8EC14}.Debug|Any CPU.ActiveCfg = Debug|Any CPU
		{7E627B8F-E6C5-4AD5-A608-5361E9D8EC14}.Debug|Any CPU.Build.0 = Debug|Any CPU
		{7E627B8F-E6C5-4AD5-A608-5361E9D8EC14}.Release|Any CPU.ActiveCfg = Release|Any CPU
		{7E627B8F-E6C5-4AD5-A608-5361E9D8EC14}.Release|Any CPU.Build.0 = Release|Any CPU
	EndGlobalSection
	GlobalSection(SolutionProperties) = preSolution
		HideSolutionNode = FALSE
	EndGlobalSection
	GlobalSection(ExtensibilityGlobals) = postSolution
		SolutionGuid = {43735380-CDDD-4BFC-9B4A-D3AD4953A484}
	EndGlobalSection
EndGlobal
